
Microsoft Visual Studio Solution File, Format Version 12.00
# Visual Studio 15
VisualStudioVersion = 15.0.28010.2050
MinimumVisualStudioVersion = 10.0.40219.1
Project("{8BC9CEB8-8B4A-11D0-8D11-00A0C91BC942}") = "计算1--100之间数字9的出现次数", "计算1--100之间数字9的出现次数\计算1--100之间数字9的出现次数.vcxproj", "{8B28C25A-D470-4602-BEC3-24295280C35D}"
EndProject
Global
	GlobalSection(SolutionConfigurationPlatforms) = preSolution
		Debug|x64 = Debug|x64
		Debug|x86 = Debug|x86
		Release|x64 = Release|x64
		Release|x86 = Release|x86
	EndGlobalSection
	GlobalSection(ProjectConfigurationPlatforms) = postSolution
		{8B28C25A-D470-4602-BEC3-24295280C35D}.Debug|x64.ActiveCfg = Debug|x64
		{8B28C25A-D470-4602-BEC3-24295280C35D}.Debug|x64.Build.0 = Debug|x64
		{8B28C25A-D470-4602-BEC3-24295280C35D}.Debug|x86.ActiveCfg = Debug|Win32
		{8B28C25A-D470-4602-BEC3-24295280C35D}.Debug|x86.Build.0 = Debug|Win32
		{8B28C25A-D470-4602-BEC3-24295280C35D}.Release|x64.ActiveCfg = Release|x64
		{8B28C25A-D470-4602-BEC3-24295280C35D}.Release|x64.Build.0 = Release|x64
		{8B28C25A-D470-4602-BEC3-24295280C35D}.Release|x86.ActiveCfg = Release|Win32
		{8B28C25A-D470-4602-BEC3-24295280C35D}.Release|x86.Build.0 = Release|Win32
	EndGlobalSection
	GlobalSection(SolutionProperties) = preSolution
		HideSolutionNode = FALSE
	EndGlobalSection
	GlobalSection(ExtensibilityGlobals) = postSolution
		SolutionGuid = {E5314293-0A9B-4A2F-B612-9359E95537BC}
	EndGlobalSection
EndGlobal
